// !$*UTF8*$!
{
	archiveVersion = 1;
	classes = {
	};
	objectVersion = 38;
	objects = {
		014CEA440018CDF011CA2923 = {
			buildRules = (
			);
			buildSettings = {
				COPY_PHASE_STRIP = NO;
				OPTIMIZATION_CFLAGS = "-O0";
			};
			isa = PBXBuildStyle;
			name = Development;
		};
		014CEA450018CDF011CA2923 = {
			buildRules = (
			);
			buildSettings = {
				COPY_PHASE_STRIP = YES;
			};
			isa = PBXBuildStyle;
			name = Deployment;
		};
//010
//011
//012
//013
//014
//030
//031
//032
//033
//034
		034768DFFF38A50411DB9C8B = {
			children = (
				034768E0FF38A50411DB9C8B,
				F8FDCD0303AEBD5D01A8000A,
				F8FDCD0903AEBD7901A8000A,
				F8FDCD1003AEBD8901A8000A,
				F886735D03B8B31801A8000A,
			);
			isa = PBXGroup;
			name = Products;
			refType = 4;
		};
		034768E0FF38A50411DB9C8B = {
			isa = PBXFrameworkReference;
			path = physfs.framework;
			refType = 3;
		};
//030
//031
//032
//033
//034
//080
//081
//082
//083
//084
		0867D690FE84028FC02AAC07 = {
			buildStyles = (
				014CEA440018CDF011CA2923,
				014CEA450018CDF011CA2923,
			);
			hasScannedForEncodings = 1;
			isa = PBXProject;
			mainGroup = 0867D691FE84028FC02AAC07;
			productRefGroup = 034768DFFF38A50411DB9C8B;
			projectDirPath = "";
			targets = (
				0867D69CFE84028FC02AAC07,
				F8FDCD0203AEBD5D01A8000A,
				F8FDCD0803AEBD7901A8000A,
				F8FDCD0F03AEBD8901A8000A,
				F886735C03B8B31801A8000A,
			);
		};
		0867D691FE84028FC02AAC07 = {
			children = (
				089C1666FE841158C02AAC07,
				08FB77AEFE84172EC02AAC07,
				089C1665FE841158C02AAC07,
				F8FDCD2103AEBE7B01A8000A,
				F886736003B8B34001A8000A,
				034768DFFF38A50411DB9C8B,
			);
			isa = PBXGroup;
			name = physfs;
			refType = 4;
		};
		0867D69CFE84028FC02AAC07 = {
			buildPhases = (
				0867D69DFE84028FC02AAC07,
				0867D69EFE84028FC02AAC07,
				0867D69FFE84028FC02AAC07,
				0867D6A0FE84028FC02AAC07,
				0867D6A2FE84028FC02AAC07,
				F8FDCD2203AECAA201A8000A,
			);
			buildSettings = {
				DEBUGGING_SYMBOLS = NO;
				DYLIB_COMPATIBILITY_VERSION = 1;
				DYLIB_CURRENT_VERSION = 1;
				EXPORTED_SYMBOLS_FILE = exports/physfs.exp;
				FRAMEWORK_SEARCH_PATHS = "";
				FRAMEWORK_VERSION = A;
				HEADER_SEARCH_PATHS = "";
				INSTALL_PATH = "$(HOME)/Library/Frameworks";
				LIBRARY_SEARCH_PATHS = "";
				OTHER_CFLAGS = "-DPHYSFS_HAVE_SYS_UCRED_H -DZ_PREFIX -DNDEBUG -DPHYSFS_SUPPORTS_ZIP -DPHYSFS_SUPPORTS_GRP -DPHYSFS_SUPPORTS_QPAK -DPHYSFS_SUPPORTS_HOG -DPHYSFS_SUPPORTS_MVL -DPHYSFS_SUPPORTS_WAD";
				OTHER_LDFLAGS = "-seg1addr 0x30A00000 -framework IOKit -framework Carbon";
				PRODUCT_NAME = physfs;
				SECTORDER_FLAGS = "";
				WARNING_CFLAGS = "-Wmost -Wno-four-char-constants -Wno-unknown-pragmas";
				WRAPPER_EXTENSION = framework;
			};
			dependencies = (
			);
			isa = PBXFrameworkTarget;
			name = Framework;
			productInstallPath = "$(HOME)/Library/Frameworks";
			productName = physfs;
			productReference = 034768E0FF38A50411DB9C8B;
			productSettingsXML = "<?xml version=\"1.0\" encoding=\"UTF-8\"?>
<!DOCTYPE plist PUBLIC \"-//Apple Computer//DTD PLIST 1.0//EN\" \"http://www.apple.com/DTDs/PropertyList-1.0.dtd\">
<plist version=\"1.0\">
<dict>
	<key>CFBundleDevelopmentRegion</key>
	<string>English</string>
	<key>CFBundleExecutable</key>
	<string>physfs</string>
	<key>CFBundleGetInfoString</key>
	<string>http://www.icculus.org/physfs</string>
	<key>CFBundleIconFile</key>
	<string></string>
	<key>CFBundleIdentifier</key>
	<string></string>
	<key>CFBundleInfoDictionaryVersion</key>
	<string>6.0</string>
	<key>CFBundleName</key>
	<string>PhysFS</string>
	<key>CFBundlePackageType</key>
	<string>FMWK</string>
	<key>CFBundleShortVersionString</key>
	<string>1.0.0</string>
	<key>CFBundleSignature</key>
	<string>????</string>
	<key>CFBundleVersion</key>
	<string>1.0.0</string>
	<key>NSPrincipalClass</key>
	<string></string>
</dict>
</plist>
";
		};
		0867D69DFE84028FC02AAC07 = {
			buildActionMask = 2147483647;
			files = (
				F8FDCE0A03AEDD6801A8000A,
				F8FDCE6B03AEDE1F01A8000A,
				F8FDCE8A03AEDE1F01A8000A,
				F8FDCE9003AEDE1F01A8000A,
				F8FDCE9103AEDE1F01A8000A,
				F8FDCE9403AEDE1F01A8000A,
				F8FDCE9B03AEDE1F01A8000A,
				F8FDCE9D03AEDE1F01A8000A,
				F8FDCE9E03AEDE1F01A8000A,
				F8FDCEA003AEDE1F01A8000A,
			);
			isa = PBXHeadersBuildPhase;
			runOnlyForDeploymentPostprocessing = 0;
		};
		0867D69EFE84028FC02AAC07 = {
			buildActionMask = 2147483647;
			files = (
			);
			isa = PBXResourcesBuildPhase;
			runOnlyForDeploymentPostprocessing = 0;
		};
		0867D69FFE84028FC02AAC07 = {
			buildActionMask = 2147483647;
			files = (
				F8FDCE6203AEDE1F01A8000A,
				F8FDCE6303AEDE1F01A8000A,
				F8FDCE6903AEDE1F01A8000A,
				F8FDCE6A03AEDE1F01A8000A,
				F8FDCE6C03AEDE1F01A8000A,
				F8FDCE7503AEDE1F01A8000A,
				F8FDCE8603AEDE1F01A8000A,
				F8FDCE8703AEDE1F01A8000A,
				F8FDCE8803AEDE1F01A8000A,
				F8FDCE8903AEDE1F01A8000A,
				F8FDCE8F03AEDE1F01A8000A,
				F8FDCE9203AEDE1F01A8000A,
				F8FDCE9303AEDE1F01A8000A,
				F8FDCE9A03AEDE1F01A8000A,
				F8FDCE9C03AEDE1F01A8000A,
				F8FDCE9F03AEDE1F01A8000A,
				F8FDCEC703AEDE3A01A8000A,
				F886735503B8AF5501A8000A,
				56E7B5B005A6A75B00A801AA,
				56E7B5B105A6A75B00A801AA,
				56E7B5B205A6A75B00A801AA,
			);
			isa = PBXSourcesBuildPhase;
			runOnlyForDeploymentPostprocessing = 0;
		};
		0867D6A0FE84028FC02AAC07 = {
			buildActionMask = 2147483647;
			files = (
			);
			isa = PBXFrameworksBuildPhase;
			runOnlyForDeploymentPostprocessing = 0;
		};
		0867D6A2FE84028FC02AAC07 = {
			buildActionMask = 2147483647;
			files = (
			);
			isa = PBXRezBuildPhase;
			runOnlyForDeploymentPostprocessing = 0;
		};
		089C1665FE841158C02AAC07 = {
			children = (
				F8FDCE0803AEDD6801A8000A,
			);
			isa = PBXGroup;
			name = "Public Headers";
			refType = 4;
		};
		089C1666FE841158C02AAC07 = {
			children = (
				089C1667FE841158C02AAC07,
			);
			isa = PBXVariantGroup;
			name = InfoPlist.strings;
			path = "";
			refType = 4;
		};
		089C1667FE841158C02AAC07 = {
			fileEncoding = 10;
			isa = PBXFileReference;
			name = English;
			path = English.lproj/InfoPlist.strings;
			refType = 4;
		};
		08FB77AEFE84172EC02AAC07 = {
			children = (
				F8FDCE0B03AEDDC901A8000A,
				F8FDCE0F03AEDDC901A8000A,
				F8FDCE1003AEDDC901A8000A,
				F8FDCE1103AEDDC901A8000A,
				F8FDCE1203AEDDC901A8000A,
			);
			isa = PBXGroup;
			name = "pkg-support";
			refType = 4;
		};
//080
//081
//082
//083
//084
//560
//561
//562
//563
//564
		56E7B5AD05A6A75B00A801AA = {
			fileEncoding = 30;
			isa = PBXFileReference;
			path = hog.c;
			refType = 4;
		};
		56E7B5AE05A6A75B00A801AA = {
			fileEncoding = 30;
			isa = PBXFileReference;
			path = mvl.c;
			refType = 4;
		};
		56E7B5AF05A6A75B00A801AA = {
			fileEncoding = 30;
			isa = PBXFileReference;
			path = wad.c;
			refType = 4;
		};
		56E7B5B005A6A75B00A801AA = {
			fileRef = 56E7B5AD05A6A75B00A801AA;
			isa = PBXBuildFile;
			settings = {
			};
		};
		56E7B5B105A6A75B00A801AA = {
			fileRef = 56E7B5AE05A6A75B00A801AA;
			isa = PBXBuildFile;
			settings = {
			};
		};
		56E7B5B205A6A75B00A801AA = {
			fileRef = 56E7B5AF05A6A75B00A801AA;
			isa = PBXBuildFile;
			settings = {
			};
		};
		56E7B5B305A6A75B00A801AA = {
			fileRef = 56E7B5AD05A6A75B00A801AA;
			isa = PBXBuildFile;
			settings = {
			};
		};
		56E7B5B405A6A75B00A801AA = {
			fileRef = 56E7B5AE05A6A75B00A801AA;
			isa = PBXBuildFile;
			settings = {
			};
		};
		56E7B5B505A6A75B00A801AA = {
			fileRef = 56E7B5AF05A6A75B00A801AA;
			isa = PBXBuildFile;
			settings = {
			};
		};
//560
//561
//562
//563
//564
//F80
//F81
//F82
//F83
//F84
		F886735403B8AF5501A8000A = {
			fileEncoding = 30;
			isa = PBXFileReference;
			name = qpak.c;
			path = ../archivers/qpak.c;
			refType = 2;
		};
		F886735503B8AF5501A8000A = {
			fileRef = F886735403B8AF5501A8000A;
			isa = PBXBuildFile;
			settings = {
			};
		};
		F886735603B8AF5501A8000A = {
			fileRef = F886735403B8AF5501A8000A;
			isa = PBXBuildFile;
			settings = {
			};
		};
		F886735703B8B31801A8000A = {
			buildActionMask = 2147483647;
			files = (
			);
			isa = PBXHeadersBuildPhase;
			runOnlyForDeploymentPostprocessing = 0;
		};
		F886735803B8B31801A8000A = {
			buildActionMask = 2147483647;
			files = (
			);
			isa = PBXResourcesBuildPhase;
			runOnlyForDeploymentPostprocessing = 0;
		};
		F886735903B8B31801A8000A = {
			buildActionMask = 2147483647;
			files = (
				F886736403B8B37C01A8000A,
			);
			isa = PBXSourcesBuildPhase;
			runOnlyForDeploymentPostprocessing = 0;
		};
		F886735A03B8B31801A8000A = {
			buildActionMask = 2147483647;
			files = (
				F886736603B8B43A01A8000A,
			);
			isa = PBXFrameworksBuildPhase;
			runOnlyForDeploymentPostprocessing = 0;
		};
		F886735B03B8B31801A8000A = {
			buildActionMask = 2147483647;
			files = (
			);
			isa = PBXRezBuildPhase;
			runOnlyForDeploymentPostprocessing = 0;
		};
		F886735C03B8B31801A8000A = {
			buildPhases = (
				F886735703B8B31801A8000A,
				F886735803B8B31801A8000A,
				F886735903B8B31801A8000A,
				F886735A03B8B31801A8000A,
				F886735B03B8B31801A8000A,
			);
			buildSettings = {
				OTHER_CFLAGS = "";
				OTHER_REZFLAGS = "";
				PRODUCT_NAME = test_physfs_static;
				SECTORDER_FLAGS = "";
				WARNING_CFLAGS = "-Wmost -Wno-four-char-constants -Wno-unknown-pragmas";
				WRAPPER_EXTENSION = app;
			};
			dependencies = (
				F886735F03B8B32101A8000A,
			);
			isa = PBXApplicationTarget;
			name = test_physfs_static;
			productInstallPath = "$(USER_APPS_DIR)";
			productName = test_physfs_static;
			productReference = F886735D03B8B31801A8000A;
			productSettingsXML = "<?xml version=\"1.0\" encoding=\"UTF-8\"?>
<!DOCTYPE plist PUBLIC \"-//Apple Computer//DTD PLIST 1.0//EN\" \"http://www.apple.com/DTDs/PropertyList-1.0.dtd\">
<plist version=\"1.0\">
<dict>
	<key>CFBundleDevelopmentRegion</key>
	<string>English</string>
	<key>CFBundleExecutable</key>
	<string></string>
	<key>CFBundleGetInfoString</key>
	<string></string>
	<key>CFBundleIconFile</key>
	<string></string>
	<key>CFBundleIdentifier</key>
	<string></string>
	<key>CFBundleInfoDictionaryVersion</key>
	<string>6.0</string>
	<key>CFBundleName</key>
	<string></string>
	<key>CFBundlePackageType</key>
	<string>APPL</string>
	<key>CFBundleShortVersionString</key>
	<string></string>
	<key>CFBundleSignature</key>
	<string>????</string>
	<key>CFBundleVersion</key>
	<string>0.0.1d1</string>
</dict>
</plist>
";
		};
		F886735D03B8B31801A8000A = {
			isa = PBXApplicationReference;
			path = test_physfs_static.app;
			refType = 3;
		};
		F886735F03B8B32101A8000A = {
			isa = PBXTargetDependency;
			target = F8FDCD0203AEBD5D01A8000A;
		};
		F886736003B8B34001A8000A = {
			children = (
				F886736303B8B37C01A8000A,
			);
			isa = PBXGroup;
			name = "Test Program";
			refType = 4;
		};
		F886736303B8B37C01A8000A = {
			fileEncoding = 30;
			isa = PBXFileReference;
			name = test_physfs.c;
			path = ../test/test_physfs.c;
			refType = 2;
		};
		F886736403B8B37C01A8000A = {
			fileRef = F886736303B8B37C01A8000A;
			isa = PBXBuildFile;
			settings = {
			};
		};
		F886736603B8B43A01A8000A = {
			fileRef = F8FDCD0303AEBD5D01A8000A;
			isa = PBXBuildFile;
			settings = {
			};
		};
		F8FDCCFE03AEBD5D01A8000A = {
			buildActionMask = 2147483647;
			files = (
				F8FDCE0903AEDD6801A8000A,
				F8FDCEA703AEDE1F01A8000A,
				F8FDCEB303AEDE1F01A8000A,
				F8FDCEB903AEDE1F01A8000A,
				F8FDCEBA03AEDE1F01A8000A,
				F8FDCEBD03AEDE1F01A8000A,
				F8FDCEC103AEDE1F01A8000A,
				F8FDCEC303AEDE1F01A8000A,
				F8FDCEC403AEDE1F01A8000A,
				F8FDCEC603AEDE1F01A8000A,
			);
			isa = PBXHeadersBuildPhase;
			runOnlyForDeploymentPostprocessing = 0;
		};
		F8FDCCFF03AEBD5D01A8000A = {
			buildActionMask = 2147483647;
			files = (
				F8FDCEA103AEDE1F01A8000A,
				F8FDCEA203AEDE1F01A8000A,
				F8FDCEA503AEDE1F01A8000A,
				F8FDCEA603AEDE1F01A8000A,
				F8FDCEA803AEDE1F01A8000A,
				F8FDCEAD03AEDE1F01A8000A,
				F8FDCEAF03AEDE1F01A8000A,
				F8FDCEB003AEDE1F01A8000A,
				F8FDCEB103AEDE1F01A8000A,
				F8FDCEB203AEDE1F01A8000A,
				F8FDCEB803AEDE1F01A8000A,
				F8FDCEBB03AEDE1F01A8000A,
				F8FDCEBC03AEDE1F01A8000A,
				F8FDCEC003AEDE1F01A8000A,
				F8FDCEC203AEDE1F01A8000A,
				F8FDCEC503AEDE1F01A8000A,
				F8FDCECA03AF0B0001A8000A,
				F886735603B8AF5501A8000A,
				56E7B5B305A6A75B00A801AA,
				56E7B5B405A6A75B00A801AA,
				56E7B5B505A6A75B00A801AA,
			);
			isa = PBXSourcesBuildPhase;
			runOnlyForDeploymentPostprocessing = 0;
		};
		F8FDCD0003AEBD5D01A8000A = {
			buildActionMask = 2147483647;
			files = (
			);
			isa = PBXFrameworksBuildPhase;
			runOnlyForDeploymentPostprocessing = 0;
		};
		F8FDCD0103AEBD5D01A8000A = {
			buildActionMask = 2147483647;
			files = (
			);
			isa = PBXRezBuildPhase;
			runOnlyForDeploymentPostprocessing = 0;
		};
		F8FDCD0203AEBD5D01A8000A = {
			buildPhases = (
				F8FDCCFE03AEBD5D01A8000A,
				F8FDCCFF03AEBD5D01A8000A,
				F8FDCD0003AEBD5D01A8000A,
				F8FDCD0103AEBD5D01A8000A,
			);
			buildSettings = {
				DYLIB_COMPATIBILITY_VERSION = 1;
				DYLIB_CURRENT_VERSION = 1;
				LIBRARY_STYLE = STATIC;
				OTHER_CFLAGS = "-DPHYSFS_HAVE_SYS_UCRED_H -DNDEBUG -DPHYSFS_SUPPORTS_ZIP -DPHYSFS_SUPPORTS_GRP -DPHYSFS_SUPPORTS_QPAK";
				OTHER_LDFLAGS = "";
				OTHER_LIBTOOL_FLAGS = "";
				OTHER_REZFLAGS = "";
				PRODUCT_NAME = libphysfs.a;
				REZ_EXECUTABLE = YES;
				SECTORDER_FLAGS = "";
				WARNING_CFLAGS = "-Wmost -Wno-four-char-constants -Wno-unknown-pragmas";
			};
			dependencies = (
			);
			isa = PBXLibraryTarget;
			name = "Static Library";
			productInstallPath = /usr/local/lib;
			productName = libphysfs.a;
			productReference = F8FDCD0303AEBD5D01A8000A;
		};
		F8FDCD0303AEBD5D01A8000A = {
			isa = PBXLibraryReference;
			path = libphysfs.a;
			refType = 3;
		};
		F8FDCD0803AEBD7901A8000A = {
			buildPhases = (
				F8FDCDDA03AECC6401A8000A,
			);
			buildSettings = {
				OTHER_CFLAGS = "";
				OTHER_LDFLAGS = "";
				OTHER_REZFLAGS = "";
				PRODUCT_NAME = "Standard Package";
				REZ_EXECUTABLE = YES;
				SECTORDER_FLAGS = "";
				WARNING_CFLAGS = "-Wmost -Wno-four-char-constants -Wno-unknown-pragmas";
			};
			dependencies = (
				F8FDCF6303AF110C01A8000A,
			);
			isa = PBXToolTarget;
			name = "Standard Package";
			productInstallPath = /usr/local/bin;
			productName = "Standard Package";
			productReference = F8FDCD0903AEBD7901A8000A;
		};
		F8FDCD0903AEBD7901A8000A = {
			isa = PBXExecutableFileReference;
			path = "Standard Package";
			refType = 3;
		};
		F8FDCD0F03AEBD8901A8000A = {
			buildPhases = (
				F8FDCDDB03AECC7A01A8000A,
			);
			buildSettings = {
				OTHER_CFLAGS = "";
				OTHER_LDFLAGS = "";
				OTHER_REZFLAGS = "";
				PRODUCT_NAME = "Devel Package";
				REZ_EXECUTABLE = YES;
				SECTORDER_FLAGS = "";
				WARNING_CFLAGS = "-Wmost -Wno-four-char-constants -Wno-unknown-pragmas";
			};
			dependencies = (
				F8FDCF6403AF111101A8000A,
			);
			isa = PBXToolTarget;
			name = "Devel Package";
			productInstallPath = /usr/local/bin;
			productName = "Devel Package";
			productReference = F8FDCD1003AEBD8901A8000A;
		};
		F8FDCD1003AEBD8901A8000A = {
			isa = PBXExecutableFileReference;
			path = "Devel Package";
			refType = 3;
		};
		F8FDCD2103AEBE7B01A8000A = {
			children = (
				F8FDCE1503AEDE1F01A8000A,
				F8FDCE2303AEDE1F01A8000A,
				F8FDCE2403AEDE1F01A8000A,
				F8FDCE2503AEDE1F01A8000A,
				F8FDCE2603AEDE1F01A8000A,
				F8FDCE3403AEDE1F01A8000A,
			);
			isa = PBXGroup;
			name = "Library Source";
			path = "";
			refType = 4;
		};
		F8FDCD2203AECAA201A8000A = {
			buildActionMask = 8;
			files = (
			);
			generatedFileNames = (
			);
			isa = PBXShellScriptBuildPhase;
			neededFileNames = (
			);
			runOnlyForDeploymentPostprocessing = 1;
			shellPath = /bin/sh;
			shellScript = "# make frameworks directory if it doesn't already exist\nmkdir -p ~/Library/Frameworks\n# delete the old framework\nrm -rf ~/Library/Frameworks/physfs.framework\n# copy framework to its home\n/Developer/Tools/CpMac -r build/physfs.framework ~/Library/Frameworks/physfs.framework\n# precompile header for speedier compiles\n/usr/bin/cc -I $HOME/Library/Frameworks/physfs.framework/Headers -precomp ~/Library/Frameworks/physfs.framework/Headers/physfs.h -o ~/Library/Frameworks/physfs.framework/Headers/physfs.p";
		};
		F8FDCDDA03AECC6401A8000A = {
			buildActionMask = 2147483647;
			files = (
			);
			generatedFileNames = (
			);
			isa = PBXShellScriptBuildPhase;
			neededFileNames = (
			);
			runOnlyForDeploymentPostprocessing = 0;
			shellPath = /bin/sh;
			shellScript = "exec ./pkg-support/mkpackage.sh \"physfs\" \"standard\"";
		};
		F8FDCDDB03AECC7A01A8000A = {
			buildActionMask = 2147483647;
			files = (
			);
			generatedFileNames = (
			);
			isa = PBXShellScriptBuildPhase;
			neededFileNames = (
			);
			runOnlyForDeploymentPostprocessing = 0;
			shellPath = /bin/sh;
			shellScript = "exec ./pkg-support/mkpackage.sh \"physfs\" \"devel\"";
		};
		F8FDCE0803AEDD6801A8000A = {
			fileEncoding = 30;
			isa = PBXFileReference;
			name = physfs.h;
			path = ../physfs.h;
			refType = 2;
		};
		F8FDCE0903AEDD6801A8000A = {
			fileRef = F8FDCE0803AEDD6801A8000A;
			isa = PBXBuildFile;
			settings = {
			};
		};
		F8FDCE0A03AEDD6801A8000A = {
			fileRef = F8FDCE0803AEDD6801A8000A;
			isa = PBXBuildFile;
			settings = {
				ATTRIBUTES = (
					Public,
				);
			};
		};
		F8FDCE0B03AEDDC901A8000A = {
			children = (
				F8FDCE0C03AEDDC901A8000A,
				F8FDCE0D03AEDDC901A8000A,
				F8FDCE0E03AEDDC901A8000A,
			);
			isa = PBXGroup;
			name = "devel-resources";
			path = "pkg-support/devel-resources";
			refType = 2;
		};
		F8FDCE0C03AEDDC901A8000A = {
			fileEncoding = 30;
			isa = PBXExecutableFileReference;
			path = install.sh;
			refType = 4;
		};
		F8FDCE0D03AEDDC901A8000A = {
			fileEncoding = 30;
			isa = PBXFileReference;
			path = ReadMe.txt;
			refType = 4;
		};
		F8FDCE0E03AEDDC901A8000A = {
			fileEncoding = 30;
			isa = PBXFileReference;
			path = Welcome.txt;
			refType = 4;
		};
		F8FDCE0F03AEDDC901A8000A = {
			fileEncoding = 30;
			isa = PBXExecutableFileReference;
			name = mkpackage.sh;
			path = "pkg-support/mkpackage.sh";
			refType = 2;
		};
		F8FDCE1003AEDDC901A8000A = {
			fileEncoding = 30;
			isa = PBXFileReference;
			name = "physfs-devel.info";
			path = "pkg-support/physfs-devel.info";
			refType = 2;
		};
		F8FDCE1103AEDDC901A8000A = {
			fileEncoding = 30;
			isa = PBXFileReference;
			name = physfs.info;
			path = "pkg-support/physfs.info";
			refType = 2;
		};
		F8FDCE1203AEDDC901A8000A = {
			children = (
				F8FDCE1303AEDDC901A8000A,
				F8FDCE1403AEDDC901A8000A,
			);
			isa = PBXGroup;
			name = resources;
			path = "pkg-support/resources";
			refType = 2;
		};
		F8FDCE1303AEDDC901A8000A = {
			fileEncoding = 30;
			isa = PBXFileReference;
			path = ReadMe.txt;
			refType = 4;
		};
		F8FDCE1403AEDDC901A8000A = {
			fileEncoding = 30;
			isa = PBXFileReference;
			path = Welcome.txt;
			refType = 4;
		};
		F8FDCE1503AEDE1F01A8000A = {
			children = (
				F8FDCE1B03AEDE1F01A8000A,
				F8FDCE1C03AEDE1F01A8000A,
				F8FDCE2203AEDE1F01A8000A,
				F886735403B8AF5501A8000A,
				56E7B5AD05A6A75B00A801AA,
				56E7B5AE05A6A75B00A801AA,
				56E7B5AF05A6A75B00A801AA,
			);
			isa = PBXGroup;
			name = archivers;
			path = ../archivers;
			refType = 2;
		};
		F8FDCE1B03AEDE1F01A8000A = {
			fileEncoding = 30;
			isa = PBXFileReference;
			path = dir.c;
			refType = 4;
		};
		F8FDCE1C03AEDE1F01A8000A = {
			fileEncoding = 30;
			isa = PBXFileReference;
			path = grp.c;
			refType = 4;
		};
		F8FDCE2203AEDE1F01A8000A = {
			fileEncoding = 30;
			isa = PBXFileReference;
			path = zip.c;
			refType = 4;
		};
		F8FDCE2303AEDE1F01A8000A = {
			fileEncoding = 30;
			isa = PBXFileReference;
			name = physfs_byteorder.c;
			path = ../physfs_byteorder.c;
			refType = 2;
		};
		F8FDCE2403AEDE1F01A8000A = {
			fileEncoding = 30;
			isa = PBXFileReference;
			name = physfs_internal.h;
			path = ../physfs_internal.h;
			refType = 2;
		};
		F8FDCE2503AEDE1F01A8000A = {
			fileEncoding = 30;
			isa = PBXFileReference;
			name = physfs.c;
			path = ../physfs.c;
			refType = 2;
		};
		F8FDCE2603AEDE1F01A8000A = {
			children = (
				F8FDCE2B03AEDE1F01A8000A,
				F8FDCE2C03AEDE1F01A8000A,
				F8FDCE3003AEDE1F01A8000A,
				F8FDCE3103AEDE1F01A8000A,
				F8FDCE3203AEDE1F01A8000A,
				F8FDCE3303AEDE1F01A8000A,
			);
			isa = PBXGroup;
			name = platform;
			path = ../platform;
			refType = 2;
		};
		F8FDCE2B03AEDE1F01A8000A = {
			fileEncoding = 30;
			isa = PBXFileReference;
			path = beos.cpp;
			refType = 4;
		};
		F8FDCE2C03AEDE1F01A8000A = {
			fileEncoding = 30;
			isa = PBXFileReference;
			path = macclassic.c;
			refType = 4;
		};
		F8FDCE3003AEDE1F01A8000A = {
			fileEncoding = 30;
			isa = PBXFileReference;
			path = posix.c;
			refType = 4;
		};
		F8FDCE3103AEDE1F01A8000A = {
			fileEncoding = 30;
			isa = PBXFileReference;
			path = skeleton.c;
			refType = 4;
		};
		F8FDCE3203AEDE1F01A8000A = {
			fileEncoding = 30;
			isa = PBXFileReference;
			path = unix.c;
			refType = 4;
		};
		F8FDCE3303AEDE1F01A8000A = {
			fileEncoding = 30;
			isa = PBXFileReference;
			path = win32.c;
			refType = 4;
		};
		F8FDCE3403AEDE1F01A8000A = {
			children = (
				F8FDCE4303AEDE1F01A8000A,
				F8FDCE4403AEDE1F01A8000A,
				F8FDCE4503AEDE1F01A8000A,
				F8FDCE4603AEDE1F01A8000A,
				F8FDCE4703AEDE1F01A8000A,
				F8FDCE4C03AEDE1F01A8000A,
				F8FDCE4D03AEDE1F01A8000A,
				F8FDCE4E03AEDE1F01A8000A,
				F8FDCE4F03AEDE1F01A8000A,
				F8FDCE5003AEDE1F01A8000A,
				F8FDCE5103AEDE1F01A8000A,
				F8FDCE5703AEDE1F01A8000A,
				F8FDCE5803AEDE1F01A8000A,
				F8FDCE5903AEDE1F01A8000A,
				F8FDCE5A03AEDE1F01A8000A,
				F8FDCE5B03AEDE1F01A8000A,
				F8FDCE5C03AEDE1F01A8000A,
				F8FDCE5D03AEDE1F01A8000A,
			);
			isa = PBXGroup;
			name = zlib123;
			path = ../zlib123;
			refType = 2;
		};
		F8FDCE4303AEDE1F01A8000A = {
			fileEncoding = 30;
			isa = PBXFileReference;
			path = adler32.c;
			refType = 4;
		};
		F8FDCE4403AEDE1F01A8000A = {
			fileEncoding = 30;
			isa = PBXFileReference;
			path = compress.c;
			refType = 4;
		};
		F8FDCE4503AEDE1F01A8000A = {
			fileEncoding = 30;
			isa = PBXFileReference;
			path = crc32.c;
			refType = 4;
		};
		F8FDCE4603AEDE1F01A8000A = {
			fileEncoding = 30;
			isa = PBXFileReference;
			path = deflate.c;
			refType = 4;
		};
		F8FDCE4703AEDE1F01A8000A = {
			fileEncoding = 30;
			isa = PBXFileReference;
			path = deflate.h;
			refType = 4;
		};
		F8FDCE4C03AEDE1F01A8000A = {
			fileEncoding = 30;
			isa = PBXFileReference;
			path = inffast.c;
			refType = 4;
		};
		F8FDCE4D03AEDE1F01A8000A = {
			fileEncoding = 30;
			isa = PBXFileReference;
			path = inffast.h;
			refType = 4;
		};
		F8FDCE4E03AEDE1F01A8000A = {
			fileEncoding = 30;
			isa = PBXFileReference;
			path = inffixed.h;
			refType = 4;
		};
		F8FDCE4F03AEDE1F01A8000A = {
			fileEncoding = 30;
			isa = PBXFileReference;
			path = inflate.c;
			refType = 4;
		};
		F8FDCE5003AEDE1F01A8000A = {
			fileEncoding = 30;
			isa = PBXFileReference;
			path = inftrees.c;
			refType = 4;
		};
		F8FDCE5103AEDE1F01A8000A = {
			fileEncoding = 30;
			isa = PBXFileReference;
			path = inftrees.h;
			refType = 4;
		};
		F8FDCE5703AEDE1F01A8000A = {
			fileEncoding = 30;
			isa = PBXFileReference;
			path = trees.c;
			refType = 4;
		};
		F8FDCE5803AEDE1F01A8000A = {
			fileEncoding = 30;
			isa = PBXFileReference;
			path = trees.h;
			refType = 4;
		};
		F8FDCE5903AEDE1F01A8000A = {
			fileEncoding = 30;
			isa = PBXFileReference;
			path = uncompr.c;
			refType = 4;
		};
		F8FDCE5A03AEDE1F01A8000A = {
			fileEncoding = 30;
			isa = PBXFileReference;
			path = zconf.h;
			refType = 4;
		};
		F8FDCE5B03AEDE1F01A8000A = {
			fileEncoding = 30;
			isa = PBXFileReference;
			path = zlib.h;
			refType = 4;
		};
		F8FDCE5C03AEDE1F01A8000A = {
			fileEncoding = 30;
			isa = PBXFileReference;
			path = zutil.c;
			refType = 4;
		};
		F8FDCE5D03AEDE1F01A8000A = {
			fileEncoding = 30;
			isa = PBXFileReference;
			path = zutil.h;
			refType = 4;
		};
		F8FDCE6203AEDE1F01A8000A = {
			fileRef = F8FDCE1B03AEDE1F01A8000A;
			isa = PBXBuildFile;
			settings = {
			};
		};
		F8FDCE6303AEDE1F01A8000A = {
			fileRef = F8FDCE1C03AEDE1F01A8000A;
			isa = PBXBuildFile;
			settings = {
			};
		};
		F8FDCE6903AEDE1F01A8000A = {
			fileRef = F8FDCE2203AEDE1F01A8000A;
			isa = PBXBuildFile;
			settings = {
			};
		};
		F8FDCE6A03AEDE1F01A8000A = {
			fileRef = F8FDCE2303AEDE1F01A8000A;
			isa = PBXBuildFile;
			settings = {
			};
		};
		F8FDCE6B03AEDE1F01A8000A = {
			fileRef = F8FDCE2403AEDE1F01A8000A;
			isa = PBXBuildFile;
			settings = {
			};
		};
		F8FDCE6C03AEDE1F01A8000A = {
			fileRef = F8FDCE2503AEDE1F01A8000A;
			isa = PBXBuildFile;
			settings = {
			};
		};
		F8FDCE7503AEDE1F01A8000A = {
			fileRef = F8FDCE3003AEDE1F01A8000A;
			isa = PBXBuildFile;
			settings = {
			};
		};
		F8FDCE8603AEDE1F01A8000A = {
			fileRef = F8FDCE4303AEDE1F01A8000A;
			isa = PBXBuildFile;
			settings = {
			};
		};
		F8FDCE8703AEDE1F01A8000A = {
			fileRef = F8FDCE4403AEDE1F01A8000A;
			isa = PBXBuildFile;
			settings = {
			};
		};
		F8FDCE8803AEDE1F01A8000A = {
			fileRef = F8FDCE4503AEDE1F01A8000A;
			isa = PBXBuildFile;
			settings = {
			};
		};
		F8FDCE8903AEDE1F01A8000A = {
			fileRef = F8FDCE4603AEDE1F01A8000A;
			isa = PBXBuildFile;
			settings = {
			};
		};
		F8FDCE8A03AEDE1F01A8000A = {
			fileRef = F8FDCE4703AEDE1F01A8000A;
			isa = PBXBuildFile;
			settings = {
			};
		};
		F8FDCE8F03AEDE1F01A8000A = {
			fileRef = F8FDCE4C03AEDE1F01A8000A;
			isa = PBXBuildFile;
			settings = {
			};
		};
		F8FDCE9003AEDE1F01A8000A = {
			fileRef = F8FDCE4D03AEDE1F01A8000A;
			isa = PBXBuildFile;
			settings = {
			};
		};
		F8FDCE9103AEDE1F01A8000A = {
			fileRef = F8FDCE4E03AEDE1F01A8000A;
			isa = PBXBuildFile;
			settings = {
			};
		};
		F8FDCE9203AEDE1F01A8000A = {
			fileRef = F8FDCE4F03AEDE1F01A8000A;
			isa = PBXBuildFile;
			settings = {
			};
		};
		F8FDCE9303AEDE1F01A8000A = {
			fileRef = F8FDCE5003AEDE1F01A8000A;
			isa = PBXBuildFile;
			settings = {
			};
		};
		F8FDCE9403AEDE1F01A8000A = {
			fileRef = F8FDCE5103AEDE1F01A8000A;
			isa = PBXBuildFile;
			settings = {
			};
		};
		F8FDCE9A03AEDE1F01A8000A = {
			fileRef = F8FDCE5703AEDE1F01A8000A;
			isa = PBXBuildFile;
			settings = {
			};
		};
		F8FDCE9B03AEDE1F01A8000A = {
			fileRef = F8FDCE5803AEDE1F01A8000A;
			isa = PBXBuildFile;
			settings = {
			};
		};
		F8FDCE9C03AEDE1F01A8000A = {
			fileRef = F8FDCE5903AEDE1F01A8000A;
			isa = PBXBuildFile;
			settings = {
			};
		};
		F8FDCE9D03AEDE1F01A8000A = {
			fileRef = F8FDCE5A03AEDE1F01A8000A;
			isa = PBXBuildFile;
			settings = {
			};
		};
		F8FDCE9E03AEDE1F01A8000A = {
			fileRef = F8FDCE5B03AEDE1F01A8000A;
			isa = PBXBuildFile;
			settings = {
			};
		};
		F8FDCE9F03AEDE1F01A8000A = {
			fileRef = F8FDCE5C03AEDE1F01A8000A;
			isa = PBXBuildFile;
			settings = {
			};
		};
		F8FDCEA003AEDE1F01A8000A = {
			fileRef = F8FDCE5D03AEDE1F01A8000A;
			isa = PBXBuildFile;
			settings = {
			};
		};
		F8FDCEA103AEDE1F01A8000A = {
			fileRef = F8FDCE1B03AEDE1F01A8000A;
			isa = PBXBuildFile;
			settings = {
			};
		};
		F8FDCEA203AEDE1F01A8000A = {
			fileRef = F8FDCE1C03AEDE1F01A8000A;
			isa = PBXBuildFile;
			settings = {
			};
		};
		F8FDCEA503AEDE1F01A8000A = {
			fileRef = F8FDCE2203AEDE1F01A8000A;
			isa = PBXBuildFile;
			settings = {
			};
		};
		F8FDCEA603AEDE1F01A8000A = {
			fileRef = F8FDCE2303AEDE1F01A8000A;
			isa = PBXBuildFile;
			settings = {
			};
		};
		F8FDCEA703AEDE1F01A8000A = {
			fileRef = F8FDCE2403AEDE1F01A8000A;
			isa = PBXBuildFile;
			settings = {
			};
		};
		F8FDCEA803AEDE1F01A8000A = {
			fileRef = F8FDCE2503AEDE1F01A8000A;
			isa = PBXBuildFile;
			settings = {
			};
		};
		F8FDCEAD03AEDE1F01A8000A = {
			fileRef = F8FDCE3203AEDE1F01A8000A;
			isa = PBXBuildFile;
			settings = {
			};
		};
		F8FDCEAF03AEDE1F01A8000A = {
			fileRef = F8FDCE4303AEDE1F01A8000A;
			isa = PBXBuildFile;
			settings = {
			};
		};
		F8FDCEB003AEDE1F01A8000A = {
			fileRef = F8FDCE4403AEDE1F01A8000A;
			isa = PBXBuildFile;
			settings = {
			};
		};
		F8FDCEB103AEDE1F01A8000A = {
			fileRef = F8FDCE4503AEDE1F01A8000A;
			isa = PBXBuildFile;
			settings = {
			};
		};
		F8FDCEB203AEDE1F01A8000A = {
			fileRef = F8FDCE4603AEDE1F01A8000A;
			isa = PBXBuildFile;
			settings = {
			};
		};
		F8FDCEB303AEDE1F01A8000A = {
			fileRef = F8FDCE4703AEDE1F01A8000A;
			isa = PBXBuildFile;
			settings = {
			};
		};
		F8FDCEB803AEDE1F01A8000A = {
			fileRef = F8FDCE4C03AEDE1F01A8000A;
			isa = PBXBuildFile;
			settings = {
			};
		};
		F8FDCEB903AEDE1F01A8000A = {
			fileRef = F8FDCE4D03AEDE1F01A8000A;
			isa = PBXBuildFile;
			settings = {
			};
		};
		F8FDCEBA03AEDE1F01A8000A = {
			fileRef = F8FDCE4E03AEDE1F01A8000A;
			isa = PBXBuildFile;
			settings = {
			};
		};
		F8FDCEBB03AEDE1F01A8000A = {
			fileRef = F8FDCE4F03AEDE1F01A8000A;
			isa = PBXBuildFile;
			settings = {
			};
		};
		F8FDCEBC03AEDE1F01A8000A = {
			fileRef = F8FDCE5003AEDE1F01A8000A;
			isa = PBXBuildFile;
			settings = {
			};
		};
		F8FDCEBD03AEDE1F01A8000A = {
			fileRef = F8FDCE5103AEDE1F01A8000A;
			isa = PBXBuildFile;
			settings = {
			};
		};
		F8FDCEC003AEDE1F01A8000A = {
			fileRef = F8FDCE5703AEDE1F01A8000A;
			isa = PBXBuildFile;
			settings = {
			};
		};
		F8FDCEC103AEDE1F01A8000A = {
			fileRef = F8FDCE5803AEDE1F01A8000A;
			isa = PBXBuildFile;
			settings = {
			};
		};
		F8FDCEC203AEDE1F01A8000A = {
			fileRef = F8FDCE5903AEDE1F01A8000A;
			isa = PBXBuildFile;
			settings = {
			};
		};
		F8FDCEC303AEDE1F01A8000A = {
			fileRef = F8FDCE5A03AEDE1F01A8000A;
			isa = PBXBuildFile;
			settings = {
			};
		};
		F8FDCEC403AEDE1F01A8000A = {
			fileRef = F8FDCE5B03AEDE1F01A8000A;
			isa = PBXBuildFile;
			settings = {
			};
		};
		F8FDCEC503AEDE1F01A8000A = {
			fileRef = F8FDCE5C03AEDE1F01A8000A;
			isa = PBXBuildFile;
			settings = {
			};
		};
		F8FDCEC603AEDE1F01A8000A = {
			fileRef = F8FDCE5D03AEDE1F01A8000A;
			isa = PBXBuildFile;
			settings = {
			};
		};
		F8FDCEC703AEDE3A01A8000A = {
			fileRef = F8FDCE3203AEDE1F01A8000A;
			isa = PBXBuildFile;
			settings = {
			};
		};
		F8FDCECA03AF0B0001A8000A = {
			fileRef = F8FDCE3003AEDE1F01A8000A;
			isa = PBXBuildFile;
			settings = {
			};
		};
		F8FDCF6303AF110C01A8000A = {
			isa = PBXTargetDependency;
			target = 0867D69CFE84028FC02AAC07;
		};
		F8FDCF6403AF111101A8000A = {
			isa = PBXTargetDependency;
			target = 0867D69CFE84028FC02AAC07;
		};
	};
	rootObject = 0867D690FE84028FC02AAC07;
}
